// !$*UTF8*$!
{
	archiveVersion = 1;
	classes = {
	};
	objectVersion = 77;
	objects = {

/* Begin PBXContainerItemProxy section */
		D85A07462D0D6CC3008F0B24 /* PBXContainerItemProxy */ = {
			isa = PBXContainerItemProxy;
			containerPortal = D85A072D2D0D6CC2008F0B24 /* Project object */;
			proxyType = 1;
			remoteGlobalIDString = D85A07342D0D6CC2008F0B24;
			remoteInfo = "star-game";
		};
		D85A07502D0D6CC3008F0B24 /* PBXContainerItemProxy */ = {
			isa = PBXContainerItemProxy;
			containerPortal = D85A072D2D0D6CC2008F0B24 /* Project object */;
			proxyType = 1;
			remoteGlobalIDString = D85A07342D0D6CC2008F0B24;
			remoteInfo = "star-game";
		};
/* End PBXContainerItemProxy section */

/* Begin PBXFileReference section */
		D85A07352D0D6CC2008F0B24 /* star-game.app */ = {isa = PBXFileReference; explicitFileType = wrapper.application; includeInIndex = 0; path = "star-game.app"; sourceTree = BUILT_PRODUCTS_DIR; };
		D85A07452D0D6CC3008F0B24 /* star-gameTests.xctest */ = {isa = PBXFileReference; explicitFileType = wrapper.cfbundle; includeInIndex = 0; path = "star-gameTests.xctest"; sourceTree = BUILT_PRODUCTS_DIR; };
		D85A074F2D0D6CC3008F0B24 /* star-gameUITests.xctest */ = {isa = PBXFileReference; explicitFileType = wrapper.cfbundle; includeInIndex = 0; path = "star-gameUITests.xctest"; sourceTree = BUILT_PRODUCTS_DIR; };
/* End PBXFileReference section */

/* Begin PBXFileSystemSynchronizedBuildFileExceptionSet section */
		D8A062532D20B60D00D6D581 /* Exceptions for "star-game" folder in "star-game" target */ = {
			isa = PBXFileSystemSynchronizedBuildFileExceptionSet;
			membershipExceptions = (
				Info.plist,
			);
			target = D85A07342D0D6CC2008F0B24 /* star-game */;
		};
/* End PBXFileSystemSynchronizedBuildFileExceptionSet section */

/* Begin PBXFileSystemSynchronizedRootGroup section */
		D85A07372D0D6CC2008F0B24 /* star-game */ = {
			isa = PBXFileSystemSynchronizedRootGroup;
			exceptions = (
				D8A062532D20B60D00D6D581 /* Exceptions for "star-game" folder in "star-game" target */,
			);
			path = "star-game";
			sourceTree = "<group>";
		};
		D85A07482D0D6CC3008F0B24 /* star-gameTests */ = {
			isa = PBXFileSystemSynchronizedRootGroup;
			path = "star-gameTests";
			sourceTree = "<group>";
		};
		D85A07522D0D6CC3008F0B24 /* star-gameUITests */ = {
			isa = PBXFileSystemSynchronizedRootGroup;
			path = "star-gameUITests";
			sourceTree = "<group>";
		};
/* End PBXFileSystemSynchronizedRootGroup section */

/* Begin PBXFrameworksBuildPhase section */
		D85A07322D0D6CC2008F0B24 /* Frameworks */ = {
			isa = PBXFrameworksBuildPhase;
			buildActionMask = 2147483647;
			files = (
			);
			runOnlyForDeploymentPostprocessing = 0;
		};
		D85A07422D0D6CC3008F0B24 /* Frameworks */ = {
			isa = PBXFrameworksBuildPhase;
			buildActionMask = 2147483647;
			files = (
			);
			runOnlyForDeploymentPostprocessing = 0;
		};
		D85A074C2D0D6CC3008F0B24 /* Frameworks */ = {
			isa = PBXFrameworksBuildPhase;
			buildActionMask = 2147483647;
			files = (
			);
			runOnlyForDeploymentPostprocessing = 0;
		};
/* End PBXFrameworksBuildPhase section */

/* Begin PBXGroup section */
		D85A072C2D0D6CC2008F0B24 = {
			isa = PBXGroup;
			children = (
				D85A07372D0D6CC2008F0B24 /* star-game */,
				D85A07482D0D6CC3008F0B24 /* star-gameTests */,
				D85A07522D0D6CC3008F0B24 /* star-gameUITests */,
				D85A07362D0D6CC2008F0B24 /* Products */,
			);
			sourceTree = "<group>";
		};
		D85A07362D0D6CC2008F0B24 /* Products */ = {
			isa = PBXGroup;
			children = (
				D85A07352D0D6CC2008F0B24 /* star-game.app */,
				D85A07452D0D6CC3008F0B24 /* star-gameTests.xctest */,
				D85A074F2D0D6CC3008F0B24 /* star-gameUITests.xctest */,
			);
			name = Products;
			sourceTree = "<group>";
		};
/* End PBXGroup section */

/* Begin PBXNativeTarget section */
		D85A07342D0D6CC2008F0B24 /* star-game */ = {
			isa = PBXNativeTarget;
			buildConfigurationList = D85A07592D0D6CC3008F0B24 /* Build configuration list for PBXNativeTarget "star-game" */;
			buildPhases = (
				D85A07312D0D6CC2008F0B24 /* Sources */,
				D85A07322D0D6CC2008F0B24 /* Frameworks */,
				D85A07332D0D6CC2008F0B24 /* Resources */,
			);
			buildRules = (
			);
			dependencies = (
			);
			fileSystemSynchronizedGroups = (
				D85A07372D0D6CC2008F0B24 /* star-game */,
			);
			name = "star-game";
			packageProductDependencies = (
			);
			productName = "star-game";
			productReference = D85A07352D0D6CC2008F0B24 /* star-game.app */;
			productType = "com.apple.product-type.application";
		};
		D85A07442D0D6CC3008F0B24 /* star-gameTests */ = {
			isa = PBXNativeTarget;
			buildConfigurationList = D85A075C2D0D6CC3008F0B24 /* Build configuration list for PBXNativeTarget "star-gameTests" */;
			buildPhases = (
				D85A07412D0D6CC3008F0B24 /* Sources */,
				D85A07422D0D6CC3008F0B24 /* Frameworks */,
				D85A07432D0D6CC3008F0B24 /* Resources */,
			);
			buildRules = (
			);
			dependencies = (
				D85A07472D0D6CC3008F0B24 /* PBXTargetDependency */,
			);
			fileSystemSynchronizedGroups = (
				D85A07482D0D6CC3008F0B24 /* star-gameTests */,
			);
			name = "star-gameTests";
			packageProductDependencies = (
			);
			productName = "star-gameTests";
			productReference = D85A07452D0D6CC3008F0B24 /* star-gameTests.xctest */;
			productType = "com.apple.product-type.bundle.unit-test";
		};
		D85A074E2D0D6CC3008F0B24 /* star-gameUITests */ = {
			isa = PBXNativeTarget;
			buildConfigurationList = D85A075F2D0D6CC3008F0B24 /* Build configuration list for PBXNativeTarget "star-gameUITests" */;
			buildPhases = (
				D85A074B2D0D6CC3008F0B24 /* Sources */,
				D85A074C2D0D6CC3008F0B24 /* Frameworks */,
				D85A074D2D0D6CC3008F0B24 /* Resources */,
			);
			buildRules = (
			);
			dependencies = (
				D85A07512D0D6CC3008F0B24 /* PBXTargetDependency */,
			);
			fileSystemSynchronizedGroups = (
				D85A07522D0D6CC3008F0B24 /* star-gameUITests */,
			);
			name = "star-gameUITests";
			packageProductDependencies = (
			);
			productName = "star-gameUITests";
			productReference = D85A074F2D0D6CC3008F0B24 /* star-gameUITests.xctest */;
			productType = "com.apple.product-type.bundle.ui-testing";
		};
/* End PBXNativeTarget section */

/* Begin PBXProject section */
		D85A072D2D0D6CC2008F0B24 /* Project object */ = {
			isa = PBXProject;
			attributes = {
				BuildIndependentTargetsInParallel = 1;
				LastSwiftUpdateCheck = 1620;
				LastUpgradeCheck = 1620;
				TargetAttributes = {
					D85A07342D0D6CC2008F0B24 = {
						CreatedOnToolsVersion = 16.2;
					};
					D85A07442D0D6CC3008F0B24 = {
						CreatedOnToolsVersion = 16.2;
						TestTargetID = D85A07342D0D6CC2008F0B24;
					};
					D85A074E2D0D6CC3008F0B24 = {
						CreatedOnToolsVersion = 16.2;
						TestTargetID = D85A07342D0D6CC2008F0B24;
					};
				};
			};
			buildConfigurationList = D85A07302D0D6CC2008F0B24 /* Build configuration list for PBXProject "star-game" */;
			developmentRegion = en;
			hasScannedForEncodings = 0;
			knownRegions = (
				en,
				Base,
			);
			mainGroup = D85A072C2D0D6CC2008F0B24;
			minimizedProjectReferenceProxies = 1;
			preferredProjectObjectVersion = 77;
			productRefGroup = D85A07362D0D6CC2008F0B24 /* Products */;
			projectDirPath = "";
			projectRoot = "";
			targets = (
				D85A07342D0D6CC2008F0B24 /* star-game */,
				D85A07442D0D6CC3008F0B24 /* star-gameTests */,
				D85A074E2D0D6CC3008F0B24 /* star-gameUITests */,
			);
		};
/* End PBXProject section */

/* Begin PBXResourcesBuildPhase section */
		D85A07332D0D6CC2008F0B24 /* Resources */ = {
			isa = PBXResourcesBuildPhase;
			buildActionMask = 2147483647;
			files = (
			);
			runOnlyForDeploymentPostprocessing = 0;
		};
		D85A07432D0D6CC3008F0B24 /* Resources */ = {
			isa = PBXResourcesBuildPhase;
			buildActionMask = 2147483647;
			files = (
			);
			runOnlyForDeploymentPostprocessing = 0;
		};
		D85A074D2D0D6CC3008F0B24 /* Resources */ = {
			isa = PBXResourcesBuildPhase;
			buildActionMask = 2147483647;
			files = (
			);
			runOnlyForDeploymentPostprocessing = 0;
		};
/* End PBXResourcesBuildPhase section */

/* Begin PBXSourcesBuildPhase section */
		D85A07312D0D6CC2008F0B24 /* Sources */ = {
			isa = PBXSourcesBuildPhase;
			buildActionMask = 2147483647;
			files = (
			);
			runOnlyForDeploymentPostprocessing = 0;
		};
		D85A07412D0D6CC3008F0B24 /* Sources */ = {
			isa = PBXSourcesBuildPhase;
			buildActionMask = 2147483647;
			files = (
			);
			runOnlyForDeploymentPostprocessing = 0;
		};
		D85A074B2D0D6CC3008F0B24 /* Sources */ = {
			isa = PBXSourcesBuildPhase;
			buildActionMask = 2147483647;
			files = (
			);
			runOnlyForDeploymentPostprocessing = 0;
		};
/* End PBXSourcesBuildPhase section */

/* Begin PBXTargetDependency section */
		D85A07472D0D6CC3008F0B24 /* PBXTargetDependency */ = {
			isa = PBXTargetDependency;
			target = D85A07342D0D6CC2008F0B24 /* star-game */;
			targetProxy = D85A07462D0D6CC3008F0B24 /* PBXContainerItemProxy */;
		};
		D85A07512D0D6CC3008F0B24 /* PBXTargetDependency */ = {
			isa = PBXTargetDependency;
			target = D85A07342D0D6CC2008F0B24 /* star-game */;
			targetProxy = D85A07502D0D6CC3008F0B24 /* PBXContainerItemProxy */;
		};
/* End PBXTargetDependency section */

/* Begin XCBuildConfiguration section */
		D85A07572D0D6CC3008F0B24 /* Debug */ = {
			isa = XCBuildConfiguration;
			buildSettings = {
				ALWAYS_SEARCH_USER_PATHS = NO;
				ASSETCATALOG_COMPILER_GENERATE_SWIFT_ASSET_SYMBOL_EXTENSIONS = YES;
				CLANG_ANALYZER_NONNULL = YES;
				CLANG_ANALYZER_NUMBER_OBJECT_CONVERSION = YES_AGGRESSIVE;
				CLANG_CXX_LANGUAGE_STANDARD = "gnu++20";
				CLANG_ENABLE_MODULES = YES;
				CLANG_ENABLE_OBJC_ARC = YES;
				CLANG_ENABLE_OBJC_WEAK = YES;
				CLANG_WARN_BLOCK_CAPTURE_AUTORELEASING = YES;
				CLANG_WARN_BOOL_CONVERSION = YES;
				CLANG_WARN_COMMA = YES;
				CLANG_WARN_CONSTANT_CONVERSION = YES;
				CLANG_WARN_DEPRECATED_OBJC_IMPLEMENTATIONS = YES;
				CLANG_WARN_DIRECT_OBJC_ISA_USAGE = YES_ERROR;
				CLANG_WARN_DOCUMENTATION_COMMENTS = YES;
				CLANG_WARN_EMPTY_BODY = YES;
				CLANG_WARN_ENUM_CONVERSION = YES;
				CLANG_WARN_INFINITE_RECURSION = YES;
				CLANG_WARN_INT_CONVERSION = YES;
				CLANG_WARN_NON_LITERAL_NULL_CONVERSION = YES;
				CLANG_WARN_OBJC_IMPLICIT_RETAIN_SELF = YES;
				CLANG_WARN_OBJC_LITERAL_CONVERSION = YES;
				CLANG_WARN_OBJC_ROOT_CLASS = YES_ERROR;
				CLANG_WARN_QUOTED_INCLUDE_IN_FRAMEWORK_HEADER = YES;
				CLANG_WARN_RANGE_LOOP_ANALYSIS = YES;
				CLANG_WARN_STRICT_PROTOTYPES = YES;
				CLANG_WARN_SUSPICIOUS_MOVE = YES;
				CLANG_WARN_UNGUARDED_AVAILABILITY = YES_AGGRESSIVE;
				CLANG_WARN_UNREACHABLE_CODE = YES;
				CLANG_WARN__DUPLICATE_METHOD_MATCH = YES;
				COPY_PHASE_STRIP = NO;
				DEBUG_INFORMATION_FORMAT = dwarf;
				ENABLE_STRICT_OBJC_MSGSEND = YES;
				ENABLE_TESTABILITY = YES;
				ENABLE_USER_SCRIPT_SANDBOXING = YES;
				GCC_C_LANGUAGE_STANDARD = gnu17;
				GCC_DYNAMIC_NO_PIC = NO;
				GCC_NO_COMMON_BLOCKS = YES;
				GCC_OPTIMIZATION_LEVEL = 0;
				GCC_PREPROCESSOR_DEFINITIONS = (
					"DEBUG=1",
					"$(inherited)",
				);
				GCC_WARN_64_TO_32_BIT_CONVERSION = YES;
				GCC_WARN_ABOUT_RETURN_TYPE = YES_ERROR;
				GCC_WARN_UNDECLARED_SELECTOR = YES;
				GCC_WARN_UNINITIALIZED_AUTOS = YES_AGGRESSIVE;
				GCC_WARN_UNUSED_FUNCTION = YES;
				GCC_WARN_UNUSED_VARIABLE = YES;
				IPHONEOS_DEPLOYMENT_TARGET = 16.6;
				LOCALIZATION_PREFERS_STRING_CATALOGS = YES;
				MTL_ENABLE_DEBUG_INFO = INCLUDE_SOURCE;
				MTL_FAST_MATH = YES;
				ONLY_ACTIVE_ARCH = YES;
				SDKROOT = iphoneos;
				SWIFT_ACTIVE_COMPILATION_CONDITIONS = "DEBUG $(inherited)";
				SWIFT_OPTIMIZATION_LEVEL = "-Onone";
			};
			name = Debug;
		};
		D85A07582D0D6CC3008F0B24 /* Release */ = {
			isa = XCBuildConfiguration;
			buildSettings = {
				ALWAYS_SEARCH_USER_PATHS = NO;
				ASSETCATALOG_COMPILER_GENERATE_SWIFT_ASSET_SYMBOL_EXTENSIONS = YES;
				CLANG_ANALYZER_NONNULL = YES;
				CLANG_ANALYZER_NUMBER_OBJECT_CONVERSION = YES_AGGRESSIVE;
				CLANG_CXX_LANGUAGE_STANDARD = "gnu++20";
				CLANG_ENABLE_MODULES = YES;
				CLANG_ENABLE_OBJC_ARC = YES;
				CLANG_ENABLE_OBJC_WEAK = YES;
				CLANG_WARN_BLOCK_CAPTURE_AUTORELEASING = YES;
				CLANG_WARN_BOOL_CONVERSION = YES;
				CLANG_WARN_COMMA = YES;
				CLANG_WARN_CONSTANT_CONVERSION = YES;
				CLANG_WARN_DEPRECATED_OBJC_IMPLEMENTATIONS = YES;
				CLANG_WARN_DIRECT_OBJC_ISA_USAGE = YES_ERROR;
				CLANG_WARN_DOCUMENTATION_COMMENTS = YES;
				CLANG_WARN_EMPTY_BODY = YES;
				CLANG_WARN_ENUM_CONVERSION = YES;
				CLANG_WARN_INFINITE_RECURSION = YES;
				CLANG_WARN_INT_CONVERSION = YES;
				CLANG_WARN_NON_LITERAL_NULL_CONVERSION = YES;
				CLANG_WARN_OBJC_IMPLICIT_RETAIN_SELF = YES;
				CLANG_WARN_OBJC_LITERAL_CONVERSION = YES;
				CLANG_WARN_OBJC_ROOT_CLASS = YES_ERROR;
				CLANG_WARN_QUOTED_INCLUDE_IN_FRAMEWORK_HEADER = YES;
				CLANG_WARN_RANGE_LOOP_ANALYSIS = YES;
				CLANG_WARN_STRICT_PROTOTYPES = YES;
				CLANG_WARN_SUSPICIOUS_MOVE = YES;
				CLANG_WARN_UNGUARDED_AVAILABILITY = YES_AGGRESSIVE;
				CLANG_WARN_UNREACHABLE_CODE = YES;
				CLANG_WARN__DUPLICATE_METHOD_MATCH = YES;
				COPY_PHASE_STRIP = NO;
				DEBUG_INFORMATION_FORMAT = "dwarf-with-dsym";
				ENABLE_NS_ASSERTIONS = NO;
				ENABLE_STRICT_OBJC_MSGSEND = YES;
				ENABLE_USER_SCRIPT_SANDBOXING = YES;
				GCC_C_LANGUAGE_STANDARD = gnu17;
				GCC_NO_COMMON_BLOCKS = YES;
				GCC_WARN_64_TO_32_BIT_CONVERSION = YES;
				GCC_WARN_ABOUT_RETURN_TYPE = YES_ERROR;
				GCC_WARN_UNDECLARED_SELECTOR = YES;
				GCC_WARN_UNINITIALIZED_AUTOS = YES_AGGRESSIVE;
				GCC_WARN_UNUSED_FUNCTION = YES;
				GCC_WARN_UNUSED_VARIABLE = YES;
				IPHONEOS_DEPLOYMENT_TARGET = 16.6;
				LOCALIZATION_PREFERS_STRING_CATALOGS = YES;
				MTL_ENABLE_DEBUG_INFO = NO;
				MTL_FAST_MATH = YES;
				SDKROOT = iphoneos;
				SWIFT_COMPILATION_MODE = wholemodule;
				VALIDATE_PRODUCT = YES;
			};
			name = Release;
		};
		D85A075A2D0D6CC3008F0B24 /* Debug */ = {
			isa = XCBuildConfiguration;
			buildSettings = {
				ASSETCATALOG_COMPILER_APPICON_NAME = AppIcon;
				ASSETCATALOG_COMPILER_GLOBAL_ACCENT_COLOR_NAME = AccentColor;
				CODE_SIGN_STYLE = Automatic;
				CURRENT_PROJECT_VERSION = 1;
				DEVELOPMENT_ASSET_PATHS = "\"star-game/Preview Content\"";
				DEVELOPMENT_TEAM = 23T7W3DNZ8;
				ENABLE_PREVIEWS = YES;
				GENERATE_INFOPLIST_FILE = YES;
				INFOPLIST_FILE = "star-game/Info.plist";
				INFOPLIST_KEY_UIApplicationSceneManifest_Generation = YES;
				INFOPLIST_KEY_UIApplicationSupportsIndirectInputEvents = YES;
				INFOPLIST_KEY_UILaunchScreen_Generation = YES;
				INFOPLIST_KEY_UISupportedInterfaceOrientations_iPad = "UIInterfaceOrientationPortrait UIInterfaceOrientationPortraitUpsideDown UIInterfaceOrientationLandscapeLeft UIInterfaceOrientationLandscapeRight";
				INFOPLIST_KEY_UISupportedInterfaceOrientations_iPhone = "UIInterfaceOrientationPortrait UIInterfaceOrientationLandscapeLeft UIInterfaceOrientationLandscapeRight";
				LD_RUNPATH_SEARCH_PATHS = (
					"$(inherited)",
					"@executable_path/Frameworks",
				);
				MARKETING_VERSION = 1.0;
				PRODUCT_BUNDLE_IDENTIFIER = "com.trenholme.star-game";
				PRODUCT_NAME = "$(TARGET_NAME)";
				SWIFT_EMIT_LOC_STRINGS = YES;
				SWIFT_VERSION = 5.0;
				TARGETED_DEVICE_FAMILY = "1,2";
			};
			name = Debug;
		};
		D85A075B2D0D6CC3008F0B24 /* Release */ = {
			isa = XCBuildConfiguration;
			buildSettings = {
				ASSETCATALOG_COMPILER_APPICON_NAME = AppIcon;
				ASSETCATALOG_COMPILER_GLOBAL_ACCENT_COLOR_NAME = AccentColor;
				CODE_SIGN_STYLE = Automatic;
				CURRENT_PROJECT_VERSION = 1;
				DEVELOPMENT_ASSET_PATHS = "\"star-game/Preview Content\"";
				DEVELOPMENT_TEAM = 23T7W3DNZ8;
				ENABLE_PREVIEWS = YES;
				GENERATE_INFOPLIST_FILE = YES;
				INFOPLIST_FILE = "star-game/Info.plist";
				INFOPLIST_KEY_UIApplicationSceneManifest_Generation = YES;
				INFOPLIST_KEY_UIApplicationSupportsIndirectInputEvents = YES;
				INFOPLIST_KEY_UILaunchScreen_Generation = YES;
				INFOPLIST_KEY_UISupportedInterfaceOrientations_iPad = "UIInterfaceOrientationPortrait UIInterfaceOrientationPortraitUpsideDown UIInterfaceOrientationLandscapeLeft UIInterfaceOrientationLandscapeRight";
				INFOPLIST_KEY_UISupportedInterfaceOrientations_iPhone = "UIInterfaceOrientationPortrait UIInterfaceOrientationLandscapeLeft UIInterfaceOrientationLandscapeRight";
				LD_RUNPATH_SEARCH_PATHS = (
					"$(inherited)",
					"@executable_path/Frameworks",
				);
				MARKETING_VERSION = 1.0;
				PRODUCT_BUNDLE_IDENTIFIER = "com.trenholme.star-game";
				PRODUCT_NAME = "$(TARGET_NAME)";
				SWIFT_EMIT_LOC_STRINGS = YES;
				SWIFT_VERSION = 5.0;
				TARGETED_DEVICE_FAMILY = "1,2";
			};
			name = Release;
		};
		D85A075D2D0D6CC3008F0B24 /* Debug */ = {
			isa = XCBuildConfiguration;
			buildSettings = {
				BUNDLE_LOADER = "$(TEST_HOST)";
				CODE_SIGN_STYLE = Automatic;
				CURRENT_PROJECT_VERSION = 1;
				GENERATE_INFOPLIST_FILE = YES;
				IPHONEOS_DEPLOYMENT_TARGET = 18.2;
				MARKETING_VERSION = 1.0;
				PRODUCT_BUNDLE_IDENTIFIER = "com.trenholme.star-gameTests";
				PRODUCT_NAME = "$(TARGET_NAME)";
				SWIFT_EMIT_LOC_STRINGS = NO;
				SWIFT_VERSION = 5.0;
				TARGETED_DEVICE_FAMILY = "1,2";
				TEST_HOST = "$(BUILT_PRODUCTS_DIR)/star-game.app/$(BUNDLE_EXECUTABLE_FOLDER_PATH)/star-game";
			};
			name = Debug;
		};
		D85A075E2D0D6CC3008F0B24 /* Release */ = {
			isa = XCBuildConfiguration;
			buildSettings = {
				BUNDLE_LOADER = "$(TEST_HOST)";
				CODE_SIGN_STYLE = Automatic;
				CURRENT_PROJECT_VERSION = 1;
				GENERATE_INFOPLIST_FILE = YES;
				IPHONEOS_DEPLOYMENT_TARGET = 18.2;
				MARKETING_VERSION = 1.0;
				PRODUCT_BUNDLE_IDENTIFIER = "com.trenholme.star-gameTests";
				PRODUCT_NAME = "$(TARGET_NAME)";
				SWIFT_EMIT_LOC_STRINGS = NO;
				SWIFT_VERSION = 5.0;
				TARGETED_DEVICE_FAMILY = "1,2";
				TEST_HOST = "$(BUILT_PRODUCTS_DIR)/star-game.app/$(BUNDLE_EXECUTABLE_FOLDER_PATH)/star-game";
			};
			name = Release;
		};
		D85A07602D0D6CC3008F0B24 /* Debug */ = {
			isa = XCBuildConfiguration;
			buildSettings = {
				CODE_SIGN_STYLE = Automatic;
				CURRENT_PROJECT_VERSION = 1;
				GENERATE_INFOPLIST_FILE = YES;
				MARKETING_VERSION = 1.0;
				PRODUCT_BUNDLE_IDENTIFIER = "com.trenholme.star-gameUITests";
				PRODUCT_NAME = "$(TARGET_NAME)";
				SWIFT_EMIT_LOC_STRINGS = NO;
				SWIFT_VERSION = 5.0;
				TARGETED_DEVICE_FAMILY = "1,2";
				TEST_TARGET_NAME = "star-game";
			};
			name = Debug;
		};
		D85A07612D0D6CC3008F0B24 /* Release */ = {
			isa = XCBuildConfiguration;
			buildSettings = {
				CODE_SIGN_STYLE = Automatic;
				CURRENT_PROJECT_VERSION = 1;
				GENERATE_INFOPLIST_FILE = YES;
				MARKETING_VERSION = 1.0;
				PRODUCT_BUNDLE_IDENTIFIER = "com.trenholme.star-gameUITests";
				PRODUCT_NAME = "$(TARGET_NAME)";
				SWIFT_EMIT_LOC_STRINGS = NO;
				SWIFT_VERSION = 5.0;
				TARGETED_DEVICE_FAMILY = "1,2";
				TEST_TARGET_NAME = "star-game";
			};
			name = Release;
		};
/* End XCBuildConfiguration section */

/* Begin XCConfigurationList section */
		D85A07302D0D6CC2008F0B24 /* Build configuration list for PBXProject "star-game" */ = {
			isa = XCConfigurationList;
			buildConfigurations = (
				D85A07572D0D6CC3008F0B24 /* Debug */,
				D85A07582D0D6CC3008F0B24 /* Release */,
			);
			defaultConfigurationIsVisible = 0;
			defaultConfigurationName = Release;
		};
		D85A07592D0D6CC3008F0B24 /* Build configuration list for PBXNativeTarget "star-game" */ = {
			isa = XCConfigurationList;
			buildConfigurations = (
				D85A075A2D0D6CC3008F0B24 /* Debug */,
				D85A075B2D0D6CC3008F0B24 /* Release */,
			);
			defaultConfigurationIsVisible = 0;
			defaultConfigurationName = Release;
		};
		D85A075C2D0D6CC3008F0B24 /* Build configuration list for PBXNativeTarget "star-gameTests" */ = {
			isa = XCConfigurationList;
			buildConfigurations = (
				D85A075D2D0D6CC3008F0B24 /* Debug */,
				D85A075E2D0D6CC3008F0B24 /* Release */,
			);
			defaultConfigurationIsVisible = 0;
			defaultConfigurationName = Release;
		};
		D85A075F2D0D6CC3008F0B24 /* Build configuration list for PBXNativeTarget "star-gameUITests" */ = {
			isa = XCConfigurationList;
			buildConfigurations = (
				D85A07602D0D6CC3008F0B24 /* Debug */,
				D85A07612D0D6CC3008F0B24 /* Release */,
			);
			defaultConfigurationIsVisible = 0;
			defaultConfigurationName = Release;
		};
/* End XCConfigurationList section */
	};
	rootObject = D85A072D2D0D6CC2008F0B24 /* Project object */;
}
